// !$*UTF8*$!
{
	archiveVersion = 1;
	classes = {
	};
	objectVersion = 46;
	objects = {

/* Begin PBXBuildFile section */
		46156A091BD7E0FA0082BBDA /* DRAppDelegate.m in Sources */ = {isa = PBXBuildFile; fileRef = 461569D11BD7E0FA0082BBDA /* DRAppDelegate.m */; settings = {ASSET_TAGS = (); }; };
		46156A0A1BD7E0FA0082BBDA /* DRChannelListViewController.m in Sources */ = {isa = PBXBuildFile; fileRef = 461569D41BD7E0FA0082BBDA /* DRChannelListViewController.m */; settings = {ASSET_TAGS = (); }; };
		46156A0B1BD7E0FA0082BBDA /* DRViewController.m in Sources */ = {isa = PBXBuildFile; fileRef = 461569D61BD7E0FA0082BBDA /* DRViewController.m */; settings = {ASSET_TAGS = (); }; };
		46156A0C1BD7E0FA0082BBDA /* DRRadioManager.m in Sources */ = {isa = PBXBuildFile; fileRef = 461569D91BD7E0FA0082BBDA /* DRRadioManager.m */; settings = {ASSET_TAGS = (); }; };
		46156A0D1BD7E0FA0082BBDA /* DRChannel.m in Sources */ = {isa = PBXBuildFile; fileRef = 461569DC1BD7E0FA0082BBDA /* DRChannel.m */; settings = {ASSET_TAGS = (); }; };
		46156A0E1BD7E0FA0082BBDA /* DRMusic.m in Sources */ = {isa = PBXBuildFile; fileRef = 461569DE1BD7E0FA0082BBDA /* DRMusic.m */; settings = {ASSET_TAGS = (); }; };
		46156A0F1BD7E0FA0082BBDA /* DRChannelCell.m in Sources */ = {isa = PBXBuildFile; fileRef = 461569E31BD7E0FA0082BBDA /* DRChannelCell.m */; settings = {ASSET_TAGS = (); }; };
		46156A101BD7E0FA0082BBDA /* DRChannelCell.xib in Resources */ = {isa = PBXBuildFile; fileRef = 461569E41BD7E0FA0082BBDA /* DRChannelCell.xib */; settings = {ASSET_TAGS = (); }; };
		46156A111BD7E0FA0082BBDA /* DRProgressButton.m in Sources */ = {isa = PBXBuildFile; fileRef = 461569E71BD7E0FA0082BBDA /* DRProgressButton.m */; settings = {ASSET_TAGS = (); }; };
		46156A121BD7E0FA0082BBDA /* ADTickerLabel.m in Sources */ = {isa = PBXBuildFile; fileRef = 461569EB1BD7E0FA0082BBDA /* ADTickerLabel.m */; settings = {ASSET_TAGS = (); }; };
		46156A131BD7E0FA0082BBDA /* AFAudioRouter.m in Sources */ = {isa = PBXBuildFile; fileRef = 461569EE1BD7E0FA0082BBDA /* AFAudioRouter.m */; settings = {ASSET_TAGS = (); }; };
		46156A141BD7E0FA0082BBDA /* AFSoundManager.m in Sources */ = {isa = PBXBuildFile; fileRef = 461569F01BD7E0FA0082BBDA /* AFSoundManager.m */; settings = {ASSET_TAGS = (); }; };
		46156A151BD7E0FA0082BBDA /* PaperButton.m in Sources */ = {isa = PBXBuildFile; fileRef = 461569F31BD7E0FA0082BBDA /* PaperButton.m */; settings = {ASSET_TAGS = (); }; };
		46156A161BD7E0FA0082BBDA /* UITableView+Wave.m in Sources */ = {isa = PBXBuildFile; fileRef = 461569F61BD7E0FA0082BBDA /* UITableView+Wave.m */; settings = {ASSET_TAGS = (); }; };
		46156A171BD7E0FA0082BBDA /* YRSideViewController.m in Sources */ = {isa = PBXBuildFile; fileRef = 461569F91BD7E0FA0082BBDA /* YRSideViewController.m */; settings = {ASSET_TAGS = (); }; };
		46156A181BD7E0FA0082BBDA /* Images.xcassets in Resources */ = {isa = PBXBuildFile; fileRef = 461569FB1BD7E0FA0082BBDA /* Images.xcassets */; settings = {ASSET_TAGS = (); }; };
		46156A191BD7E0FA0082BBDA /* pause.png in Resources */ = {isa = PBXBuildFile; fileRef = 461569FC1BD7E0FA0082BBDA /* pause.png */; settings = {ASSET_TAGS = (); }; };
		46156A1A1BD7E0FA0082BBDA /* 下一曲.png in Resources */ = {isa = PBXBuildFile; fileRef = 461569FD1BD7E0FA0082BBDA /* 下一曲.png */; settings = {ASSET_TAGS = (); }; };
		46156A1B1BD7E0FA0082BBDA /* 下载.png in Resources */ = {isa = PBXBuildFile; fileRef = 461569FE1BD7E0FA0082BBDA /* 下载.png */; settings = {ASSET_TAGS = (); }; };
		46156A1C1BD7E0FA0082BBDA /* Main_iPad.storyboard in Resources */ = {isa = PBXBuildFile; fileRef = 46156A001BD7E0FA0082BBDA /* Main_iPad.storyboard */; settings = {ASSET_TAGS = (); }; };
		46156A1D1BD7E0FA0082BBDA /* Main_iPhone.storyboard in Resources */ = {isa = PBXBuildFile; fileRef = 46156A021BD7E0FA0082BBDA /* Main_iPhone.storyboard */; settings = {ASSET_TAGS = (); }; };
		46156A1E1BD7E0FA0082BBDA /* DoubanRadio-Info.plist in Resources */ = {isa = PBXBuildFile; fileRef = 46156A041BD7E0FA0082BBDA /* DoubanRadio-Info.plist */; settings = {ASSET_TAGS = (); }; };
		46156A1F1BD7E0FA0082BBDA /* InfoPlist.strings in Resources */ = {isa = PBXBuildFile; fileRef = 46156A061BD7E0FA0082BBDA /* InfoPlist.strings */; settings = {ASSET_TAGS = (); }; };
		46156A201BD7E0FA0082BBDA /* main.m in Sources */ = {isa = PBXBuildFile; fileRef = 46156A081BD7E0FA0082BBDA /* main.m */; settings = {ASSET_TAGS = (); }; };
		85362C2019A71DC6002CFE90 /* Foundation.framework in Frameworks */ = {isa = PBXBuildFile; fileRef = 85362C1F19A71DC6002CFE90 /* Foundation.framework */; };
		85362C2219A71DC6002CFE90 /* CoreGraphics.framework in Frameworks */ = {isa = PBXBuildFile; fileRef = 85362C2119A71DC6002CFE90 /* CoreGraphics.framework */; };
		85362C2419A71DC6002CFE90 /* UIKit.framework in Frameworks */ = {isa = PBXBuildFile; fileRef = 85362C2319A71DC6002CFE90 /* UIKit.framework */; };
		85362C4219A71DC6002CFE90 /* XCTest.framework in Frameworks */ = {isa = PBXBuildFile; fileRef = 85362C4119A71DC6002CFE90 /* XCTest.framework */; };
		85362C4319A71DC6002CFE90 /* Foundation.framework in Frameworks */ = {isa = PBXBuildFile; fileRef = 85362C1F19A71DC6002CFE90 /* Foundation.framework */; };
		85362C4419A71DC6002CFE90 /* UIKit.framework in Frameworks */ = {isa = PBXBuildFile; fileRef = 85362C2319A71DC6002CFE90 /* UIKit.framework */; };
		85362C4C19A71DC6002CFE90 /* InfoPlist.strings in Resources */ = {isa = PBXBuildFile; fileRef = 85362C4A19A71DC6002CFE90 /* InfoPlist.strings */; };
		85362C4E19A71DC6002CFE90 /* DoubanRadioTests.m in Sources */ = {isa = PBXBuildFile; fileRef = 85362C4D19A71DC6002CFE90 /* DoubanRadioTests.m */; };
		CAE522CAC9E741CB8D038108 /* libPods.a in Frameworks */ = {isa = PBXBuildFile; fileRef = 3398AB6D30EE4531BB13BAE5 /* libPods.a */; };
/* End PBXBuildFile section */

/* Begin PBXContainerItemProxy section */
		85362C4519A71DC6002CFE90 /* PBXContainerItemProxy */ = {
			isa = PBXContainerItemProxy;
			containerPortal = 85362C1419A71DC6002CFE90 /* Project object */;
			proxyType = 1;
			remoteGlobalIDString = 85362C1B19A71DC6002CFE90;
			remoteInfo = DoubanRadio;
		};
/* End PBXContainerItemProxy section */

/* Begin PBXFileReference section */
		1F94A4EE68113AB9A448A7A6 /* Pods.debug.xcconfig */ = {isa = PBXFileReference; includeInIndex = 1; lastKnownFileType = text.xcconfig; name = Pods.debug.xcconfig; path = "Pods/Target Support Files/Pods/Pods.debug.xcconfig"; sourceTree = "<group>"; };
		3398AB6D30EE4531BB13BAE5 /* libPods.a */ = {isa = PBXFileReference; explicitFileType = archive.ar; includeInIndex = 0; path = libPods.a; sourceTree = BUILT_PRODUCTS_DIR; };
		461569D01BD7E0FA0082BBDA /* DRAppDelegate.h */ = {isa = PBXFileReference; fileEncoding = 4; lastKnownFileType = sourcecode.c.h; path = DRAppDelegate.h; sourceTree = "<group>"; };
		461569D11BD7E0FA0082BBDA /* DRAppDelegate.m */ = {isa = PBXFileReference; fileEncoding = 4; lastKnownFileType = sourcecode.c.objc; path = DRAppDelegate.m; sourceTree = "<group>"; };
		461569D31BD7E0FA0082BBDA /* DRChannelListViewController.h */ = {isa = PBXFileReference; fileEncoding = 4; lastKnownFileType = sourcecode.c.h; path = DRChannelListViewController.h; sourceTree = "<group>"; };
		461569D41BD7E0FA0082BBDA /* DRChannelListViewController.m */ = {isa = PBXFileReference; fileEncoding = 4; lastKnownFileType = sourcecode.c.objc; path = DRChannelListViewController.m; sourceTree = "<group>"; };
		461569D51BD7E0FA0082BBDA /* DRViewController.h */ = {isa = PBXFileReference; fileEncoding = 4; lastKnownFileType = sourcecode.c.h; path = DRViewController.h; sourceTree = "<group>"; };
		461569D61BD7E0FA0082BBDA /* DRViewController.m */ = {isa = PBXFileReference; fileEncoding = 4; lastKnownFileType = sourcecode.c.objc; path = DRViewController.m; sourceTree = "<group>"; };
		461569D81BD7E0FA0082BBDA /* DRRadioManager.h */ = {isa = PBXFileReference; fileEncoding = 4; lastKnownFileType = sourcecode.c.h; path = DRRadioManager.h; sourceTree = "<group>"; };
		461569D91BD7E0FA0082BBDA /* DRRadioManager.m */ = {isa = PBXFileReference; fileEncoding = 4; lastKnownFileType = sourcecode.c.objc; path = DRRadioManager.m; sourceTree = "<group>"; };
		461569DB1BD7E0FA0082BBDA /* DRChannel.h */ = {isa = PBXFileReference; fileEncoding = 4; lastKnownFileType = sourcecode.c.h; path = DRChannel.h; sourceTree = "<group>"; };
		461569DC1BD7E0FA0082BBDA /* DRChannel.m */ = {isa = PBXFileReference; fileEncoding = 4; lastKnownFileType = sourcecode.c.objc; path = DRChannel.m; sourceTree = "<group>"; };
		461569DD1BD7E0FA0082BBDA /* DRMusic.h */ = {isa = PBXFileReference; fileEncoding = 4; lastKnownFileType = sourcecode.c.h; path = DRMusic.h; sourceTree = "<group>"; };
		461569DE1BD7E0FA0082BBDA /* DRMusic.m */ = {isa = PBXFileReference; fileEncoding = 4; lastKnownFileType = sourcecode.c.objc; path = DRMusic.m; sourceTree = "<group>"; };
		461569E21BD7E0FA0082BBDA /* DRChannelCell.h */ = {isa = PBXFileReference; fileEncoding = 4; lastKnownFileType = sourcecode.c.h; path = DRChannelCell.h; sourceTree = "<group>"; };
		461569E31BD7E0FA0082BBDA /* DRChannelCell.m */ = {isa = PBXFileReference; fileEncoding = 4; lastKnownFileType = sourcecode.c.objc; path = DRChannelCell.m; sourceTree = "<group>"; };
		461569E41BD7E0FA0082BBDA /* DRChannelCell.xib */ = {isa = PBXFileReference; fileEncoding = 4; lastKnownFileType = file.xib; path = DRChannelCell.xib; sourceTree = "<group>"; };
		461569E61BD7E0FA0082BBDA /* DRProgressButton.h */ = {isa = PBXFileReference; fileEncoding = 4; lastKnownFileType = sourcecode.c.h; path = DRProgressButton.h; sourceTree = "<group>"; };
		461569E71BD7E0FA0082BBDA /* DRProgressButton.m */ = {isa = PBXFileReference; fileEncoding = 4; lastKnownFileType = sourcecode.c.objc; path = DRProgressButton.m; sourceTree = "<group>"; };
		461569EA1BD7E0FA0082BBDA /* ADTickerLabel.h */ = {isa = PBXFileReference; fileEncoding = 4; lastKnownFileType = sourcecode.c.h; path = ADTickerLabel.h; sourceTree = "<group>"; };
		461569EB1BD7E0FA0082BBDA /* ADTickerLabel.m */ = {isa = PBXFileReference; fileEncoding = 4; lastKnownFileType = sourcecode.c.objc; path = ADTickerLabel.m; sourceTree = "<group>"; };
		461569ED1BD7E0FA0082BBDA /* AFAudioRouter.h */ = {isa = PBXFileReference; fileEncoding = 4; lastKnownFileType = sourcecode.c.h; path = AFAudioRouter.h; sourceTree = "<group>"; };
		461569EE1BD7E0FA0082BBDA /* AFAudioRouter.m */ = {isa = PBXFileReference; fileEncoding = 4; lastKnownFileType = sourcecode.c.objc; path = AFAudioRouter.m; sourceTree = "<group>"; };
		461569EF1BD7E0FA0082BBDA /* AFSoundManager.h */ = {isa = PBXFileReference; fileEncoding = 4; lastKnownFileType = sourcecode.c.h; path = AFSoundManager.h; sourceTree = "<group>"; };
		461569F01BD7E0FA0082BBDA /* AFSoundManager.m */ = {isa = PBXFileReference; fileEncoding = 4; lastKnownFileType = sourcecode.c.objc; path = AFSoundManager.m; sourceTree = "<group>"; };
		461569F21BD7E0FA0082BBDA /* PaperButton.h */ = {isa = PBXFileReference; fileEncoding = 4; lastKnownFileType = sourcecode.c.h; path = PaperButton.h; sourceTree = "<group>"; };
		461569F31BD7E0FA0082BBDA /* PaperButton.m */ = {isa = PBXFileReference; fileEncoding = 4; lastKnownFileType = sourcecode.c.objc; path = PaperButton.m; sourceTree = "<group>"; };
		461569F51BD7E0FA0082BBDA /* UITableView+Wave.h */ = {isa = PBXFileReference; fileEncoding = 4; lastKnownFileType = sourcecode.c.h; path = "UITableView+Wave.h"; sourceTree = "<group>"; };
		461569F61BD7E0FA0082BBDA /* UITableView+Wave.m */ = {isa = PBXFileReference; fileEncoding = 4; lastKnownFileType = sourcecode.c.objc; path = "UITableView+Wave.m"; sourceTree = "<group>"; };
		461569F81BD7E0FA0082BBDA /* YRSideViewController.h */ = {isa = PBXFileReference; fileEncoding = 4; lastKnownFileType = sourcecode.c.h; path = YRSideViewController.h; sourceTree = "<group>"; };
		461569F91BD7E0FA0082BBDA /* YRSideViewController.m */ = {isa = PBXFileReference; fileEncoding = 4; lastKnownFileType = sourcecode.c.objc; path = YRSideViewController.m; sourceTree = "<group>"; };
		461569FB1BD7E0FA0082BBDA /* Images.xcassets */ = {isa = PBXFileReference; lastKnownFileType = folder.assetcatalog; path = Images.xcassets; sourceTree = "<group>"; };
		461569FC1BD7E0FA0082BBDA /* pause.png */ = {isa = PBXFileReference; lastKnownFileType = image.png; path = pause.png; sourceTree = "<group>"; };
		461569FD1BD7E0FA0082BBDA /* 下一曲.png */ = {isa = PBXFileReference; lastKnownFileType = image.png; path = "下一曲.png"; sourceTree = "<group>"; };
		461569FE1BD7E0FA0082BBDA /* 下载.png */ = {isa = PBXFileReference; lastKnownFileType = image.png; path = "下载.png"; sourceTree = "<group>"; };
		46156A011BD7E0FA0082BBDA /* Base */ = {isa = PBXFileReference; lastKnownFileType = file.storyboard; name = Base; path = Base.lproj/Main_iPad.storyboard; sourceTree = "<group>"; };
		46156A031BD7E0FA0082BBDA /* Base */ = {isa = PBXFileReference; lastKnownFileType = file.storyboard; name = Base; path = Base.lproj/Main_iPhone.storyboard; sourceTree = "<group>"; };
		46156A041BD7E0FA0082BBDA /* DoubanRadio-Info.plist */ = {isa = PBXFileReference; fileEncoding = 4; lastKnownFileType = text.plist.xml; path = "DoubanRadio-Info.plist"; sourceTree = "<group>"; };
		46156A051BD7E0FA0082BBDA /* DoubanRadio-Prefix.pch */ = {isa = PBXFileReference; fileEncoding = 4; lastKnownFileType = sourcecode.c.h; path = "DoubanRadio-Prefix.pch"; sourceTree = "<group>"; };
		46156A071BD7E0FA0082BBDA /* en */ = {isa = PBXFileReference; lastKnownFileType = text.plist.strings; name = en; path = en.lproj/InfoPlist.strings; sourceTree = "<group>"; };
		46156A081BD7E0FA0082BBDA /* main.m */ = {isa = PBXFileReference; fileEncoding = 4; lastKnownFileType = sourcecode.c.objc; path = main.m; sourceTree = "<group>"; };
		85362C1C19A71DC6002CFE90 /* DoubanRadio.app */ = {isa = PBXFileReference; explicitFileType = wrapper.application; includeInIndex = 0; path = DoubanRadio.app; sourceTree = BUILT_PRODUCTS_DIR; };
		85362C1F19A71DC6002CFE90 /* Foundation.framework */ = {isa = PBXFileReference; lastKnownFileType = wrapper.framework; name = Foundation.framework; path = System/Library/Frameworks/Foundation.framework; sourceTree = SDKROOT; };
		85362C2119A71DC6002CFE90 /* CoreGraphics.framework */ = {isa = PBXFileReference; lastKnownFileType = wrapper.framework; name = CoreGraphics.framework; path = System/Library/Frameworks/CoreGraphics.framework; sourceTree = SDKROOT; };
		85362C2319A71DC6002CFE90 /* UIKit.framework */ = {isa = PBXFileReference; lastKnownFileType = wrapper.framework; name = UIKit.framework; path = System/Library/Frameworks/UIKit.framework; sourceTree = SDKROOT; };
		85362C4019A71DC6002CFE90 /* DoubanRadioTests.xctest */ = {isa = PBXFileReference; explicitFileType = wrapper.cfbundle; includeInIndex = 0; path = DoubanRadioTests.xctest; sourceTree = BUILT_PRODUCTS_DIR; };
		85362C4119A71DC6002CFE90 /* XCTest.framework */ = {isa = PBXFileReference; lastKnownFileType = wrapper.framework; name = XCTest.framework; path = Library/Frameworks/XCTest.framework; sourceTree = DEVELOPER_DIR; };
		85362C4919A71DC6002CFE90 /* DoubanRadioTests-Info.plist */ = {isa = PBXFileReference; lastKnownFileType = text.plist.xml; path = "DoubanRadioTests-Info.plist"; sourceTree = "<group>"; };
		85362C4B19A71DC6002CFE90 /* en */ = {isa = PBXFileReference; lastKnownFileType = text.plist.strings; name = en; path = en.lproj/InfoPlist.strings; sourceTree = "<group>"; };
		85362C4D19A71DC6002CFE90 /* DoubanRadioTests.m */ = {isa = PBXFileReference; lastKnownFileType = sourcecode.c.objc; path = DoubanRadioTests.m; sourceTree = "<group>"; };
		A2BAF253D255425BA20331F4 /* Pods.release.xcconfig */ = {isa = PBXFileReference; includeInIndex = 1; lastKnownFileType = text.xcconfig; name = Pods.release.xcconfig; path = "Pods/Target Support Files/Pods/Pods.release.xcconfig"; sourceTree = "<group>"; };
/* End PBXFileReference section */

/* Begin PBXFrameworksBuildPhase section */
		85362C1919A71DC6002CFE90 /* Frameworks */ = {
			isa = PBXFrameworksBuildPhase;
			buildActionMask = 2147483647;
			files = (
				85362C2219A71DC6002CFE90 /* CoreGraphics.framework in Frameworks */,
				85362C2419A71DC6002CFE90 /* UIKit.framework in Frameworks */,
				85362C2019A71DC6002CFE90 /* Foundation.framework in Frameworks */,
				CAE522CAC9E741CB8D038108 /* libPods.a in Frameworks */,
			);
			runOnlyForDeploymentPostprocessing = 0;
		};
		85362C3D19A71DC6002CFE90 /* Frameworks */ = {
			isa = PBXFrameworksBuildPhase;
			buildActionMask = 2147483647;
			files = (
				85362C4219A71DC6002CFE90 /* XCTest.framework in Frameworks */,
				85362C4419A71DC6002CFE90 /* UIKit.framework in Frameworks */,
				85362C4319A71DC6002CFE90 /* Foundation.framework in Frameworks */,
			);
			runOnlyForDeploymentPostprocessing = 0;
		};
/* End PBXFrameworksBuildPhase section */

/* Begin PBXGroup section */
		461569CE1BD7E0FA0082BBDA /* Classes */ = {
			isa = PBXGroup;
			children = (
				461569CF1BD7E0FA0082BBDA /* Application */,
				461569D21BD7E0FA0082BBDA /* Controllers */,
				461569D71BD7E0FA0082BBDA /* Manager */,
				461569DA1BD7E0FA0082BBDA /* Model */,
				461569DF1BD7E0FA0082BBDA /* Support */,
				461569E01BD7E0FA0082BBDA /* View */,
			);
			path = Classes;
			sourceTree = "<group>";
		};
		461569CF1BD7E0FA0082BBDA /* Application */ = {
			isa = PBXGroup;
			children = (
				461569D01BD7E0FA0082BBDA /* DRAppDelegate.h */,
				461569D11BD7E0FA0082BBDA /* DRAppDelegate.m */,
			);
			path = Application;
			sourceTree = "<group>";
		};
		461569D21BD7E0FA0082BBDA /* Controllers */ = {
			isa = PBXGroup;
			children = (
				461569D31BD7E0FA0082BBDA /* DRChannelListViewController.h */,
				461569D41BD7E0FA0082BBDA /* DRChannelListViewController.m */,
				461569D51BD7E0FA0082BBDA /* DRViewController.h */,
				461569D61BD7E0FA0082BBDA /* DRViewController.m */,
			);
			path = Controllers;
			sourceTree = "<group>";
		};
		461569D71BD7E0FA0082BBDA /* Manager */ = {
			isa = PBXGroup;
			children = (
				461569D81BD7E0FA0082BBDA /* DRRadioManager.h */,
				461569D91BD7E0FA0082BBDA /* DRRadioManager.m */,
			);
			path = Manager;
			sourceTree = "<group>";
		};
		461569DA1BD7E0FA0082BBDA /* Model */ = {
			isa = PBXGroup;
			children = (
				461569DB1BD7E0FA0082BBDA /* DRChannel.h */,
				461569DC1BD7E0FA0082BBDA /* DRChannel.m */,
				461569DD1BD7E0FA0082BBDA /* DRMusic.h */,
				461569DE1BD7E0FA0082BBDA /* DRMusic.m */,
			);
			path = Model;
			sourceTree = "<group>";
		};
		461569DF1BD7E0FA0082BBDA /* Support */ = {
			isa = PBXGroup;
			children = (
			);
			path = Support;
			sourceTree = "<group>";
		};
		461569E01BD7E0FA0082BBDA /* View */ = {
			isa = PBXGroup;
			children = (
				461569E11BD7E0FA0082BBDA /* CustomCell */,
				461569E51BD7E0FA0082BBDA /* CustomView */,
			);
			path = View;
			sourceTree = "<group>";
		};
		461569E11BD7E0FA0082BBDA /* CustomCell */ = {
			isa = PBXGroup;
			children = (
				461569E21BD7E0FA0082BBDA /* DRChannelCell.h */,
				461569E31BD7E0FA0082BBDA /* DRChannelCell.m */,
				461569E41BD7E0FA0082BBDA /* DRChannelCell.xib */,
			);
			path = CustomCell;
			sourceTree = "<group>";
		};
		461569E51BD7E0FA0082BBDA /* CustomView */ = {
			isa = PBXGroup;
			children = (
				461569E61BD7E0FA0082BBDA /* DRProgressButton.h */,
				461569E71BD7E0FA0082BBDA /* DRProgressButton.m */,
			);
			path = CustomView;
			sourceTree = "<group>";
		};
		461569E81BD7E0FA0082BBDA /* Libraries */ = {
			isa = PBXGroup;
			children = (
				461569E91BD7E0FA0082BBDA /* ADTickerLabel */,
				461569EC1BD7E0FA0082BBDA /* AFSoundManager */,
				461569F11BD7E0FA0082BBDA /* PaperButton */,
				461569F41BD7E0FA0082BBDA /* UITableView+Wave */,
				461569F71BD7E0FA0082BBDA /* YRSideViewController */,
			);
			path = Libraries;
			sourceTree = "<group>";
		};
		461569E91BD7E0FA0082BBDA /* ADTickerLabel */ = {
			isa = PBXGroup;
			children = (
				461569EA1BD7E0FA0082BBDA /* ADTickerLabel.h */,
				461569EB1BD7E0FA0082BBDA /* ADTickerLabel.m */,
			);
			path = ADTickerLabel;
			sourceTree = "<group>";
		};
		461569EC1BD7E0FA0082BBDA /* AFSoundManager */ = {
			isa = PBXGroup;
			children = (
				461569ED1BD7E0FA0082BBDA /* AFAudioRouter.h */,
				461569EE1BD7E0FA0082BBDA /* AFAudioRouter.m */,
				461569EF1BD7E0FA0082BBDA /* AFSoundManager.h */,
				461569F01BD7E0FA0082BBDA /* AFSoundManager.m */,
			);
			path = AFSoundManager;
			sourceTree = "<group>";
		};
		461569F11BD7E0FA0082BBDA /* PaperButton */ = {
			isa = PBXGroup;
			children = (
				461569F21BD7E0FA0082BBDA /* PaperButton.h */,
				461569F31BD7E0FA0082BBDA /* PaperButton.m */,
			);
			path = PaperButton;
			sourceTree = "<group>";
		};
		461569F41BD7E0FA0082BBDA /* UITableView+Wave */ = {
			isa = PBXGroup;
			children = (
				461569F51BD7E0FA0082BBDA /* UITableView+Wave.h */,
				461569F61BD7E0FA0082BBDA /* UITableView+Wave.m */,
			);
			path = "UITableView+Wave";
			sourceTree = "<group>";
		};
		461569F71BD7E0FA0082BBDA /* YRSideViewController */ = {
			isa = PBXGroup;
			children = (
				461569F81BD7E0FA0082BBDA /* YRSideViewController.h */,
				461569F91BD7E0FA0082BBDA /* YRSideViewController.m */,
			);
			path = YRSideViewController;
			sourceTree = "<group>";
		};
		461569FA1BD7E0FA0082BBDA /* Resources */ = {
			isa = PBXGroup;
			children = (
				461569FB1BD7E0FA0082BBDA /* Images.xcassets */,
				461569FC1BD7E0FA0082BBDA /* pause.png */,
				461569FD1BD7E0FA0082BBDA /* 下一曲.png */,
				461569FE1BD7E0FA0082BBDA /* 下载.png */,
			);
			path = Resources;
			sourceTree = "<group>";
		};
		461569FF1BD7E0FA0082BBDA /* Support Files */ = {
			isa = PBXGroup;
			children = (
				46156A001BD7E0FA0082BBDA /* Main_iPad.storyboard */,
				46156A021BD7E0FA0082BBDA /* Main_iPhone.storyboard */,
				46156A041BD7E0FA0082BBDA /* DoubanRadio-Info.plist */,
				46156A051BD7E0FA0082BBDA /* DoubanRadio-Prefix.pch */,
				46156A061BD7E0FA0082BBDA /* InfoPlist.strings */,
				46156A081BD7E0FA0082BBDA /* main.m */,
			);
			path = "Support Files";
			sourceTree = "<group>";
		};
		85362C1319A71DC6002CFE90 = {
			isa = PBXGroup;
			children = (
				85362C2519A71DC6002CFE90 /* DoubanRadio */,
				85362C4719A71DC6002CFE90 /* DoubanRadioTests */,
				85362C1E19A71DC6002CFE90 /* Frameworks */,
				85362C1D19A71DC6002CFE90 /* Products */,
				BA3CCDAD729F10AC005727F5 /* Pods */,
			);
			sourceTree = "<group>";
		};
		85362C1D19A71DC6002CFE90 /* Products */ = {
			isa = PBXGroup;
			children = (
				85362C1C19A71DC6002CFE90 /* DoubanRadio.app */,
				85362C4019A71DC6002CFE90 /* DoubanRadioTests.xctest */,
			);
			name = Products;
			sourceTree = "<group>";
		};
		85362C1E19A71DC6002CFE90 /* Frameworks */ = {
			isa = PBXGroup;
			children = (
				85362C1F19A71DC6002CFE90 /* Foundation.framework */,
				85362C2119A71DC6002CFE90 /* CoreGraphics.framework */,
				85362C2319A71DC6002CFE90 /* UIKit.framework */,
				85362C4119A71DC6002CFE90 /* XCTest.framework */,
				3398AB6D30EE4531BB13BAE5 /* libPods.a */,
			);
			name = Frameworks;
			sourceTree = "<group>";
		};
		85362C2519A71DC6002CFE90 /* DoubanRadio */ = {
			isa = PBXGroup;
			children = (
				461569CE1BD7E0FA0082BBDA /* Classes */,
				461569E81BD7E0FA0082BBDA /* Libraries */,
				461569FA1BD7E0FA0082BBDA /* Resources */,
				461569FF1BD7E0FA0082BBDA /* Support Files */,
			);
			path = DoubanRadio;
			sourceTree = "<group>";
		};
		85362C4719A71DC6002CFE90 /* DoubanRadioTests */ = {
			isa = PBXGroup;
			children = (
				85362C4D19A71DC6002CFE90 /* DoubanRadioTests.m */,
				85362C4819A71DC6002CFE90 /* Supporting Files */,
			);
			path = DoubanRadioTests;
			sourceTree = "<group>";
		};
		85362C4819A71DC6002CFE90 /* Supporting Files */ = {
			isa = PBXGroup;
			children = (
				85362C4919A71DC6002CFE90 /* DoubanRadioTests-Info.plist */,
				85362C4A19A71DC6002CFE90 /* InfoPlist.strings */,
			);
			name = "Supporting Files";
			sourceTree = "<group>";
		};
		BA3CCDAD729F10AC005727F5 /* Pods */ = {
			isa = PBXGroup;
			children = (
				1F94A4EE68113AB9A448A7A6 /* Pods.debug.xcconfig */,
				A2BAF253D255425BA20331F4 /* Pods.release.xcconfig */,
			);
			name = Pods;
			sourceTree = "<group>";
		};
/* End PBXGroup section */

/* Begin PBXNativeTarget section */
		85362C1B19A71DC6002CFE90 /* DoubanRadio */ = {
			isa = PBXNativeTarget;
			buildConfigurationList = 85362C5119A71DC6002CFE90 /* Build configuration list for PBXNativeTarget "DoubanRadio" */;
			buildPhases = (
				5D38F42F0F5F469A8A2C5F4E /* Check Pods Manifest.lock */,
				85362C1819A71DC6002CFE90 /* Sources */,
				85362C1919A71DC6002CFE90 /* Frameworks */,
				85362C1A19A71DC6002CFE90 /* Resources */,
				8D2882CDD4BF45B9AA22B478 /* Copy Pods Resources */,
				6F909711043575CD9C6B2D03 /* Embed Pods Frameworks */,
			);
			buildRules = (
			);
			dependencies = (
			);
			name = DoubanRadio;
			productName = DoubanRadio;
			productReference = 85362C1C19A71DC6002CFE90 /* DoubanRadio.app */;
			productType = "com.apple.product-type.application";
		};
		85362C3F19A71DC6002CFE90 /* DoubanRadioTests */ = {
			isa = PBXNativeTarget;
			buildConfigurationList = 85362C5419A71DC6002CFE90 /* Build configuration list for PBXNativeTarget "DoubanRadioTests" */;
			buildPhases = (
				85362C3C19A71DC6002CFE90 /* Sources */,
				85362C3D19A71DC6002CFE90 /* Frameworks */,
				85362C3E19A71DC6002CFE90 /* Resources */,
			);
			buildRules = (
			);
			dependencies = (
				85362C4619A71DC6002CFE90 /* PBXTargetDependency */,
			);
			name = DoubanRadioTests;
			productName = DoubanRadioTests;
			productReference = 85362C4019A71DC6002CFE90 /* DoubanRadioTests.xctest */;
			productType = "com.apple.product-type.bundle.unit-test";
		};
/* End PBXNativeTarget section */

/* Begin PBXProject section */
		85362C1419A71DC6002CFE90 /* Project object */ = {
			isa = PBXProject;
			attributes = {
				CLASSPREFIX = DR;
				LastUpgradeCheck = 0510;
				ORGANIZATIONNAME = RussellY;
				TargetAttributes = {
					85362C3F19A71DC6002CFE90 = {
						TestTargetID = 85362C1B19A71DC6002CFE90;
					};
				};
			};
			buildConfigurationList = 85362C1719A71DC6002CFE90 /* Build configuration list for PBXProject "DoubanRadio" */;
			compatibilityVersion = "Xcode 3.2";
			developmentRegion = English;
			hasScannedForEncodings = 0;
			knownRegions = (
				en,
				Base,
			);
			mainGroup = 85362C1319A71DC6002CFE90;
			productRefGroup = 85362C1D19A71DC6002CFE90 /* Products */;
			projectDirPath = "";
			projectRoot = "";
			targets = (
				85362C1B19A71DC6002CFE90 /* DoubanRadio */,
				85362C3F19A71DC6002CFE90 /* DoubanRadioTests */,
			);
		};
/* End PBXProject section */

/* Begin PBXResourcesBuildPhase section */
		85362C1A19A71DC6002CFE90 /* Resources */ = {
			isa = PBXResourcesBuildPhase;
			buildActionMask = 2147483647;
			files = (
				46156A1B1BD7E0FA0082BBDA /* 下载.png in Resources */,
				46156A1E1BD7E0FA0082BBDA /* DoubanRadio-Info.plist in Resources */,
				46156A101BD7E0FA0082BBDA /* DRChannelCell.xib in Resources */,
				46156A181BD7E0FA0082BBDA /* Images.xcassets in Resources */,
				46156A1C1BD7E0FA0082BBDA /* Main_iPad.storyboard in Resources */,
				46156A191BD7E0FA0082BBDA /* pause.png in Resources */,
				46156A1D1BD7E0FA0082BBDA /* Main_iPhone.storyboard in Resources */,
				46156A1F1BD7E0FA0082BBDA /* InfoPlist.strings in Resources */,
				46156A1A1BD7E0FA0082BBDA /* 下一曲.png in Resources */,
			);
			runOnlyForDeploymentPostprocessing = 0;
		};
		85362C3E19A71DC6002CFE90 /* Resources */ = {
			isa = PBXResourcesBuildPhase;
			buildActionMask = 2147483647;
			files = (
				85362C4C19A71DC6002CFE90 /* InfoPlist.strings in Resources */,
			);
			runOnlyForDeploymentPostprocessing = 0;
		};
/* End PBXResourcesBuildPhase section */

/* Begin PBXShellScriptBuildPhase section */
		5D38F42F0F5F469A8A2C5F4E /* Check Pods Manifest.lock */ = {
			isa = PBXShellScriptBuildPhase;
			buildActionMask = 2147483647;
			files = (
			);
			inputPaths = (
			);
			name = "Check Pods Manifest.lock";
			outputPaths = (
			);
			runOnlyForDeploymentPostprocessing = 0;
			shellPath = /bin/sh;
			shellScript = "diff \"${PODS_ROOT}/../Podfile.lock\" \"${PODS_ROOT}/Manifest.lock\" > /dev/null\nif [[ $? != 0 ]] ; then\n    cat << EOM\nerror: The sandbox is not in sync with the Podfile.lock. Run 'pod install' or update your CocoaPods installation.\nEOM\n    exit 1\nfi\n";
			showEnvVarsInLog = 0;
		};
		6F909711043575CD9C6B2D03 /* Embed Pods Frameworks */ = {
			isa = PBXShellScriptBuildPhase;
			buildActionMask = 2147483647;
			files = (
			);
			inputPaths = (
			);
			name = "Embed Pods Frameworks";
			outputPaths = (
			);
			runOnlyForDeploymentPostprocessing = 0;
			shellPath = /bin/sh;
			shellScript = "\"${SRCROOT}/Pods/Target Support Files/Pods/Pods-frameworks.sh\"\n";
			showEnvVarsInLog = 0;
		};
		8D2882CDD4BF45B9AA22B478 /* Copy Pods Resources */ = {
			isa = PBXShellScriptBuildPhase;
			buildActionMask = 2147483647;
			files = (
			);
			inputPaths = (
			);
			name = "Copy Pods Resources";
			outputPaths = (
			);
			runOnlyForDeploymentPostprocessing = 0;
			shellPath = /bin/sh;
			shellScript = "\"${SRCROOT}/Pods/Target Support Files/Pods/Pods-resources.sh\"\n";
			showEnvVarsInLog = 0;
		};
/* End PBXShellScriptBuildPhase section */

/* Begin PBXSourcesBuildPhase section */
		85362C1819A71DC6002CFE90 /* Sources */ = {
			isa = PBXSourcesBuildPhase;
			buildActionMask = 2147483647;
			files = (
				46156A171BD7E0FA0082BBDA /* YRSideViewController.m in Sources */,
				46156A0A1BD7E0FA0082BBDA /* DRChannelListViewController.m in Sources */,
				46156A0D1BD7E0FA0082BBDA /* DRChannel.m in Sources */,
				46156A0B1BD7E0FA0082BBDA /* DRViewController.m in Sources */,
				46156A0E1BD7E0FA0082BBDA /* DRMusic.m in Sources */,
				46156A131BD7E0FA0082BBDA /* AFAudioRouter.m in Sources */,
				46156A121BD7E0FA0082BBDA /* ADTickerLabel.m in Sources */,
				46156A111BD7E0FA0082BBDA /* DRProgressButton.m in Sources */,
				46156A161BD7E0FA0082BBDA /* UITableView+Wave.m in Sources */,
				46156A0F1BD7E0FA0082BBDA /* DRChannelCell.m in Sources */,
				46156A201BD7E0FA0082BBDA /* main.m in Sources */,
				46156A151BD7E0FA0082BBDA /* PaperButton.m in Sources */,
				46156A091BD7E0FA0082BBDA /* DRAppDelegate.m in Sources */,
				46156A141BD7E0FA0082BBDA /* AFSoundManager.m in Sources */,
				46156A0C1BD7E0FA0082BBDA /* DRRadioManager.m in Sources */,
			);
			runOnlyForDeploymentPostprocessing = 0;
		};
		85362C3C19A71DC6002CFE90 /* Sources */ = {
			isa = PBXSourcesBuildPhase;
			buildActionMask = 2147483647;
			files = (
				85362C4E19A71DC6002CFE90 /* DoubanRadioTests.m in Sources */,
			);
			runOnlyForDeploymentPostprocessing = 0;
		};
/* End PBXSourcesBuildPhase section */

/* Begin PBXTargetDependency section */
		85362C4619A71DC6002CFE90 /* PBXTargetDependency */ = {
			isa = PBXTargetDependency;
			target = 85362C1B19A71DC6002CFE90 /* DoubanRadio */;
			targetProxy = 85362C4519A71DC6002CFE90 /* PBXContainerItemProxy */;
		};
/* End PBXTargetDependency section */

/* Begin PBXVariantGroup section */
		46156A001BD7E0FA0082BBDA /* Main_iPad.storyboard */ = {
			isa = PBXVariantGroup;
			children = (
				46156A011BD7E0FA0082BBDA /* Base */,
			);
			name = Main_iPad.storyboard;
			sourceTree = "<group>";
		};
		46156A021BD7E0FA0082BBDA /* Main_iPhone.storyboard */ = {
			isa = PBXVariantGroup;
			children = (
				46156A031BD7E0FA0082BBDA /* Base */,
			);
			name = Main_iPhone.storyboard;
			sourceTree = "<group>";
		};
		46156A061BD7E0FA0082BBDA /* InfoPlist.strings */ = {
			isa = PBXVariantGroup;
			children = (
				46156A071BD7E0FA0082BBDA /* en */,
			);
			name = InfoPlist.strings;
			sourceTree = "<group>";
		};
		85362C4A19A71DC6002CFE90 /* InfoPlist.strings */ = {
			isa = PBXVariantGroup;
			children = (
				85362C4B19A71DC6002CFE90 /* en */,
			);
			name = InfoPlist.strings;
			sourceTree = "<group>";
		};
/* End PBXVariantGroup section */

/* Begin XCBuildConfiguration section */
		85362C4F19A71DC6002CFE90 /* Debug */ = {
			isa = XCBuildConfiguration;
			buildSettings = {
				ALWAYS_SEARCH_USER_PATHS = NO;
				CLANG_CXX_LANGUAGE_STANDARD = "gnu++0x";
				CLANG_CXX_LIBRARY = "libc++";
				CLANG_ENABLE_MODULES = YES;
				CLANG_ENABLE_OBJC_ARC = YES;
				CLANG_WARN_BOOL_CONVERSION = YES;
				CLANG_WARN_CONSTANT_CONVERSION = YES;
				CLANG_WARN_DIRECT_OBJC_ISA_USAGE = YES_ERROR;
				CLANG_WARN_EMPTY_BODY = YES;
				CLANG_WARN_ENUM_CONVERSION = YES;
				CLANG_WARN_INT_CONVERSION = YES;
				CLANG_WARN_OBJC_ROOT_CLASS = YES_ERROR;
				CLANG_WARN__DUPLICATE_METHOD_MATCH = YES;
				"CODE_SIGN_IDENTITY[sdk=iphoneos*]" = "iPhone Developer";
				COPY_PHASE_STRIP = NO;
				GCC_C_LANGUAGE_STANDARD = gnu99;
				GCC_DYNAMIC_NO_PIC = NO;
				GCC_OPTIMIZATION_LEVEL = 0;
				GCC_PREPROCESSOR_DEFINITIONS = (
					"DEBUG=1",
					"$(inherited)",
				);
				GCC_SYMBOLS_PRIVATE_EXTERN = NO;
				GCC_WARN_64_TO_32_BIT_CONVERSION = YES;
				GCC_WARN_ABOUT_RETURN_TYPE = YES_ERROR;
				GCC_WARN_UNDECLARED_SELECTOR = YES;
				GCC_WARN_UNINITIALIZED_AUTOS = YES_AGGRESSIVE;
				GCC_WARN_UNUSED_FUNCTION = YES;
				GCC_WARN_UNUSED_VARIABLE = YES;
				IPHONEOS_DEPLOYMENT_TARGET = 7.1;
				ONLY_ACTIVE_ARCH = YES;
				SDKROOT = iphoneos;
				TARGETED_DEVICE_FAMILY = "1,2";
			};
			name = Debug;
		};
		85362C5019A71DC6002CFE90 /* Release */ = {
			isa = XCBuildConfiguration;
			buildSettings = {
				ALWAYS_SEARCH_USER_PATHS = NO;
				CLANG_CXX_LANGUAGE_STANDARD = "gnu++0x";
				CLANG_CXX_LIBRARY = "libc++";
				CLANG_ENABLE_MODULES = YES;
				CLANG_ENABLE_OBJC_ARC = YES;
				CLANG_WARN_BOOL_CONVERSION = YES;
				CLANG_WARN_CONSTANT_CONVERSION = YES;
				CLANG_WARN_DIRECT_OBJC_ISA_USAGE = YES_ERROR;
				CLANG_WARN_EMPTY_BODY = YES;
				CLANG_WARN_ENUM_CONVERSION = YES;
				CLANG_WARN_INT_CONVERSION = YES;
				CLANG_WARN_OBJC_ROOT_CLASS = YES_ERROR;
				CLANG_WARN__DUPLICATE_METHOD_MATCH = YES;
				"CODE_SIGN_IDENTITY[sdk=iphoneos*]" = "iPhone Developer";
				COPY_PHASE_STRIP = YES;
				ENABLE_NS_ASSERTIONS = NO;
				GCC_C_LANGUAGE_STANDARD = gnu99;
				GCC_WARN_64_TO_32_BIT_CONVERSION = YES;
				GCC_WARN_ABOUT_RETURN_TYPE = YES_ERROR;
				GCC_WARN_UNDECLARED_SELECTOR = YES;
				GCC_WARN_UNINITIALIZED_AUTOS = YES_AGGRESSIVE;
				GCC_WARN_UNUSED_FUNCTION = YES;
				GCC_WARN_UNUSED_VARIABLE = YES;
				IPHONEOS_DEPLOYMENT_TARGET = 7.1;
				SDKROOT = iphoneos;
				TARGETED_DEVICE_FAMILY = "1,2";
				VALIDATE_PRODUCT = YES;
			};
			name = Release;
		};
		85362C5219A71DC6002CFE90 /* Debug */ = {
			isa = XCBuildConfiguration;
			baseConfigurationReference = 1F94A4EE68113AB9A448A7A6 /* Pods.debug.xcconfig */;
			buildSettings = {
				ASSETCATALOG_COMPILER_APPICON_NAME = AppIcon;
				ASSETCATALOG_COMPILER_LAUNCHIMAGE_NAME = LaunchImage;
				GCC_PRECOMPILE_PREFIX_HEADER = YES;
				GCC_PREFIX_HEADER = "$(SRCROOT)/DoubanRadio/Support Files/DoubanRadio-Prefix.pch";
				INFOPLIST_FILE = "$(SRCROOT)/DoubanRadio/Support Files/DoubanRadio-Info.plist";
				PRODUCT_NAME = "$(TARGET_NAME)";
				WRAPPER_EXTENSION = app;
			};
			name = Debug;
		};
		85362C5319A71DC6002CFE90 /* Release */ = {
			isa = XCBuildConfiguration;
			baseConfigurationReference = A2BAF253D255425BA20331F4 /* Pods.release.xcconfig */;
			buildSettings = {
				ASSETCATALOG_COMPILER_APPICON_NAME = AppIcon;
				ASSETCATALOG_COMPILER_LAUNCHIMAGE_NAME = LaunchImage;
				GCC_PRECOMPILE_PREFIX_HEADER = YES;
				GCC_PREFIX_HEADER = "$(SRCROOT)/DoubanRadio/Support Files/DoubanRadio-Prefix.pch";
				INFOPLIST_FILE = "$(SRCROOT)/DoubanRadio/Support Files/DoubanRadio-Info.plist";
				PRODUCT_NAME = "$(TARGET_NAME)";
				WRAPPER_EXTENSION = app;
			};
			name = Release;
		};
		85362C5519A71DC6002CFE90 /* Debug */ = {
			isa = XCBuildConfiguration;
			buildSettings = {
				BUNDLE_LOADER = "$(BUILT_PRODUCTS_DIR)/DoubanRadio.app/DoubanRadio";
				FRAMEWORK_SEARCH_PATHS = (
					"$(SDKROOT)/Developer/Library/Frameworks",
					"$(inherited)",
					"$(DEVELOPER_FRAMEWORKS_DIR)",
				);
				GCC_PRECOMPILE_PREFIX_HEADER = YES;
				GCC_PREFIX_HEADER = "DoubanRadio/DoubanRadio-Prefix.pch";
				GCC_PREPROCESSOR_DEFINITIONS = (
					"DEBUG=1",
					"$(inherited)",
				);
				INFOPLIST_FILE = "DoubanRadioTests/DoubanRadioTests-Info.plist";
				PRODUCT_NAME = "$(TARGET_NAME)";
				TEST_HOST = "$(BUNDLE_LOADER)";
				WRAPPER_EXTENSION = xctest;
			};
			name = Debug;
		};
		85362C5619A71DC6002CFE90 /* Release */ = {
			isa = XCBuildConfiguration;
			buildSettings = {
				BUNDLE_LOADER = "$(BUILT_PRODUCTS_DIR)/DoubanRadio.app/DoubanRadio";
				FRAMEWORK_SEARCH_PATHS = (
					"$(SDKROOT)/Developer/Library/Frameworks",
					"$(inherited)",
					"$(DEVELOPER_FRAMEWORKS_DIR)",
				);
				GCC_PRECOMPILE_PREFIX_HEADER = YES;
				GCC_PREFIX_HEADER = "DoubanRadio/DoubanRadio-Prefix.pch";
				INFOPLIST_FILE = "DoubanRadioTests/DoubanRadioTests-Info.plist";
				PRODUCT_NAME = "$(TARGET_NAME)";
				TEST_HOST = "$(BUNDLE_LOADER)";
				WRAPPER_EXTENSION = xctest;
			};
			name = Release;
		};
/* End XCBuildConfiguration section */

/* Begin XCConfigurationList section */
		85362C1719A71DC6002CFE90 /* Build configuration list for PBXProject "DoubanRadio" */ = {
			isa = XCConfigurationList;
			buildConfigurations = (
				85362C4F19A71DC6002CFE90 /* Debug */,
				85362C5019A71DC6002CFE90 /* Release */,
			);
			defaultConfigurationIsVisible = 0;
			defaultConfigurationName = Release;
		};
		85362C5119A71DC6002CFE90 /* Build configuration list for PBXNativeTarget "DoubanRadio" */ = {
			isa = XCConfigurationList;
			buildConfigurations = (
				85362C5219A71DC6002CFE90 /* Debug */,
				85362C5319A71DC6002CFE90 /* Release */,
			);
			defaultConfigurationIsVisible = 0;
			defaultConfigurationName = Release;
		};
		85362C5419A71DC6002CFE90 /* Build configuration list for PBXNativeTarget "DoubanRadioTests" */ = {
			isa = XCConfigurationList;
			buildConfigurations = (
				85362C5519A71DC6002CFE90 /* Debug */,
				85362C5619A71DC6002CFE90 /* Release */,
			);
			defaultConfigurationIsVisible = 0;
			defaultConfigurationName = Release;
		};
/* End XCConfigurationList section */
	};
	rootObject = 85362C1419A71DC6002CFE90 /* Project object */;
}
